// !$*UTF8*$!
{
	archiveVersion = 1;
	classes = {
	};
	objectVersion = 46;
	objects = {

/* Begin PBXBuildFile section */
		22BA06A21E822A3000876A26 /* AppDelegate.swift in Sources */ = {isa = PBXBuildFile; fileRef = 22BA06A11E822A3000876A26 /* AppDelegate.swift */; };
		22BA06A71E822A3000876A26 /* Main.storyboard in Resources */ = {isa = PBXBuildFile; fileRef = 22BA06A51E822A3000876A26 /* Main.storyboard */; };
		22BA06A91E822A3000876A26 /* Assets.xcassets in Resources */ = {isa = PBXBuildFile; fileRef = 22BA06A81E822A3000876A26 /* Assets.xcassets */; };
		22BA06AC1E822A3000876A26 /* LaunchScreen.storyboard in Resources */ = {isa = PBXBuildFile; fileRef = 22BA06AA1E822A3000876A26 /* LaunchScreen.storyboard */; };
		22BA06B41E822DC200876A26 /* MasterTableViewController.swift in Sources */ = {isa = PBXBuildFile; fileRef = 22BA06B31E822DC200876A26 /* MasterTableViewController.swift */; };
		22BA06BE1E8233D300876A26 /* Apple.png in Resources */ = {isa = PBXBuildFile; fileRef = 22BA06BB1E8233D300876A26 /* Apple.png */; };
		22BA06BF1E8233D300876A26 /* Banana.png in Resources */ = {isa = PBXBuildFile; fileRef = 22BA06BC1E8233D300876A26 /* Banana.png */; };
		22BA06C01E8233D300876A26 /* Cherry.png in Resources */ = {isa = PBXBuildFile; fileRef = 22BA06BD1E8233D300876A26 /* Cherry.png */; };
		22BA06C41E828D1700876A26 /* DetailViewController.swift in Sources */ = {isa = PBXBuildFile; fileRef = 22BA06C31E828D1700876A26 /* DetailViewController.swift */; };
/* End PBXBuildFile section */

/* Begin PBXFileReference section */
		22BA069E1E822A3000876A26 /* UITableViewControllerDemo.app */ = {isa = PBXFileReference; explicitFileType = wrapper.application; includeInIndex = 0; path = UITableViewControllerDemo.app; sourceTree = BUILT_PRODUCTS_DIR; };
		22BA06A11E822A3000876A26 /* AppDelegate.swift */ = {isa = PBXFileReference; lastKnownFileType = sourcecode.swift; path = AppDelegate.swift; sourceTree = "<group>"; };
		22BA06A61E822A3000876A26 /* Base */ = {isa = PBXFileReference; lastKnownFileType = file.storyboard; name = Base; path = Base.lproj/Main.storyboard; sourceTree = "<group>"; };
		22BA06A81E822A3000876A26 /* Assets.xcassets */ = {isa = PBXFileReference; lastKnownFileType = folder.assetcatalog; path = Assets.xcassets; sourceTree = "<group>"; };
		22BA06AB1E822A3000876A26 /* Base */ = {isa = PBXFileReference; lastKnownFileType = file.storyboard; name = Base; path = Base.lproj/LaunchScreen.storyboard; sourceTree = "<group>"; };
		22BA06AD1E822A3000876A26 /* Info.plist */ = {isa = PBXFileReference; lastKnownFileType = text.plist.xml; path = Info.plist; sourceTree = "<group>"; };
		22BA06B31E822DC200876A26 /* MasterTableViewController.swift */ = {isa = PBXFileReference; fileEncoding = 4; lastKnownFileType = sourcecode.swift; path = MasterTableViewController.swift; sourceTree = "<group>"; };
		22BA06BB1E8233D300876A26 /* Apple.png */ = {isa = PBXFileReference; lastKnownFileType = image.png; path = Apple.png; sourceTree = "<group>"; };
		22BA06BC1E8233D300876A26 /* Banana.png */ = {isa = PBXFileReference; lastKnownFileType = image.png; path = Banana.png; sourceTree = "<group>"; };
		22BA06BD1E8233D300876A26 /* Cherry.png */ = {isa = PBXFileReference; lastKnownFileType = image.png; path = Cherry.png; sourceTree = "<group>"; };
		22BA06C31E828D1700876A26 /* DetailViewController.swift */ = {isa = PBXFileReference; fileEncoding = 4; lastKnownFileType = sourcecode.swift; path = DetailViewController.swift; sourceTree = "<group>"; };
/* End PBXFileReference section */

/* Begin PBXFrameworksBuildPhase section */
		22BA069B1E822A3000876A26 /* Frameworks */ = {
			isa = PBXFrameworksBuildPhase;
			buildActionMask = 2147483647;
			files = (
			);
			runOnlyForDeploymentPostprocessing = 0;
		};
/* End PBXFrameworksBuildPhase section */

/* Begin PBXGroup section */
		22BA06951E822A3000876A26 = {
			isa = PBXGroup;
			children = (
				22BA06A01E822A3000876A26 /* UITableViewControllerDemo */,
				22BA069F1E822A3000876A26 /* Products */,
			);
			sourceTree = "<group>";
		};
		22BA069F1E822A3000876A26 /* Products */ = {
			isa = PBXGroup;
			children = (
				22BA069E1E822A3000876A26 /* UITableViewControllerDemo.app */,
			);
			name = Products;
			sourceTree = "<group>";
		};
		22BA06A01E822A3000876A26 /* UITableViewControllerDemo */ = {
			isa = PBXGroup;
			children = (
				22BA06BB1E8233D300876A26 /* Apple.png */,
				22BA06BC1E8233D300876A26 /* Banana.png */,
				22BA06BD1E8233D300876A26 /* Cherry.png */,
				22BA06A11E822A3000876A26 /* AppDelegate.swift */,
				22BA06A51E822A3000876A26 /* Main.storyboard */,
				22BA06A81E822A3000876A26 /* Assets.xcassets */,
				22BA06AA1E822A3000876A26 /* LaunchScreen.storyboard */,
				22BA06AD1E822A3000876A26 /* Info.plist */,
				22BA06B31E822DC200876A26 /* MasterTableViewController.swift */,
				22BA06C31E828D1700876A26 /* DetailViewController.swift */,
			);
			path = UITableViewControllerDemo;
			sourceTree = "<group>";
		};
/* End PBXGroup section */

/* Begin PBXNativeTarget section */
		22BA069D1E822A3000876A26 /* UITableViewControllerDemo */ = {
			isa = PBXNativeTarget;
			buildConfigurationList = 22BA06B01E822A3000876A26 /* Build configuration list for PBXNativeTarget "UITableViewControllerDemo" */;
			buildPhases = (
				22BA069A1E822A3000876A26 /* Sources */,
				22BA069B1E822A3000876A26 /* Frameworks */,
				22BA069C1E822A3000876A26 /* Resources */,
			);
			buildRules = (
			);
			dependencies = (
			);
			name = UITableViewControllerDemo;
			productName = UITableViewControllerDemo;
			productReference = 22BA069E1E822A3000876A26 /* UITableViewControllerDemo.app */;
			productType = "com.apple.product-type.application";
		};
/* End PBXNativeTarget section */

/* Begin PBXProject section */
		22BA06961E822A3000876A26 /* Project object */ = {
			isa = PBXProject;
			attributes = {
				LastSwiftUpdateCheck = 0820;
				LastUpgradeCheck = 0820;
				ORGANIZATIONNAME = Frank.Chen;
				TargetAttributes = {
					22BA069D1E822A3000876A26 = {
						CreatedOnToolsVersion = 8.2.1;
						DevelopmentTeam = N5R68YAD3A;
						ProvisioningStyle = Automatic;
					};
				};
			};
			buildConfigurationList = 22BA06991E822A3000876A26 /* Build configuration list for PBXProject "UITableViewControllerDemo" */;
			compatibilityVersion = "Xcode 3.2";
			developmentRegion = English;
			hasScannedForEncodings = 0;
			knownRegions = (
				en,
				Base,
			);
			mainGroup = 22BA06951E822A3000876A26;
			productRefGroup = 22BA069F1E822A3000876A26 /* Products */;
			projectDirPath = "";
			projectRoot = "";
			targets = (
				22BA069D1E822A3000876A26 /* UITableViewControllerDemo */,
			);
		};
/* End PBXProject section */

/* Begin PBXResourcesBuildPhase section */
		22BA069C1E822A3000876A26 /* Resources */ = {
			isa = PBXResourcesBuildPhase;
			buildActionMask = 2147483647;
			files = (
				22BA06AC1E822A3000876A26 /* LaunchScreen.storyboard in Resources */,
				22BA06A91E822A3000876A26 /* Assets.xcassets in Resources */,
				22BA06BF1E8233D300876A26 /* Banana.png in Resources */,
				22BA06BE1E8233D300876A26 /* Apple.png in Resources */,
				22BA06C01E8233D300876A26 /* Cherry.png in Resources */,
				22BA06A71E822A3000876A26 /* Main.storyboard in Resources */,
			);
			runOnlyForDeploymentPostprocessing = 0;
		};
/* End PBXResourcesBuildPhase section */

/* Begin PBXSourcesBuildPhase section */
		22BA069A1E822A3000876A26 /* Sources */ = {
			isa = PBXSourcesBuildPhase;
			buildActionMask = 2147483647;
			files = (
				22BA06C41E828D1700876A26 /* DetailViewController.swift in Sources */,
				22BA06B41E822DC200876A26 /* MasterTableViewController.swift in Sources */,
				22BA06A21E822A3000876A26 /* AppDelegate.swift in Sources */,
			);
			runOnlyForDeploymentPostprocessing = 0;
		};
/* End PBXSourcesBuildPhase section */

/* Begin PBXVariantGroup section */
		22BA06A51E822A3000876A26 /* Main.storyboard */ = {
			isa = PBXVariantGroup;
			children = (
				22BA06A61E822A3000876A26 /* Base */,
			);
			name = Main.storyboard;
			sourceTree = "<group>";
		};
		22BA06AA1E822A3000876A26 /* LaunchScreen.storyboard */ = {
			isa = PBXVariantGroup;
			children = (
				22BA06AB1E822A3000876A26 /* Base */,
			);
			name = LaunchScreen.storyboard;
			sourceTree = "<group>";
		};
/* End PBXVariantGroup section */

/* Begin XCBuildConfiguration section */
		22BA06AE1E822A3000876A26 /* Debug */ = {
			isa = XCBuildConfiguration;
			buildSettings = {
				ALWAYS_SEARCH_USER_PATHS = NO;
				CLANG_ANALYZER_NONNULL = YES;
				CLANG_CXX_LANGUAGE_STANDARD = "gnu++0x";
				CLANG_CXX_LIBRARY = "libc++";
				CLANG_ENABLE_MODULES = YES;
				CLANG_ENABLE_OBJC_ARC = YES;
				CLANG_WARN_BOOL_CONVERSION = YES;
				CLANG_WARN_CONSTANT_CONVERSION = YES;
				CLANG_WARN_DIRECT_OBJC_ISA_USAGE = YES_ERROR;
				CLANG_WARN_DOCUMENTATION_COMMENTS = YES;
				CLANG_WARN_EMPTY_BODY = YES;
				CLANG_WARN_ENUM_CONVERSION = YES;
				CLANG_WARN_INFINITE_RECURSION = YES;
				CLANG_WARN_INT_CONVERSION = YES;
				CLANG_WARN_OBJC_ROOT_CLASS = YES_ERROR;
				CLANG_WARN_SUSPICIOUS_MOVE = YES;
				CLANG_WARN_UNREACHABLE_CODE = YES;
				CLANG_WARN__DUPLICATE_METHOD_MATCH = YES;
				"CODE_SIGN_IDENTITY[sdk=iphoneos*]" = "iPhone Developer";
				COPY_PHASE_STRIP = NO;
				DEBUG_INFORMATION_FORMAT = dwarf;
				ENABLE_STRICT_OBJC_MSGSEND = YES;
				ENABLE_TESTABILITY = YES;
				GCC_C_LANGUAGE_STANDARD = gnu99;
				GCC_DYNAMIC_NO_PIC = NO;
				GCC_NO_COMMON_BLOCKS = YES;
				GCC_OPTIMIZATION_LEVEL = 0;
				GCC_PREPROCESSOR_DEFINITIONS = (
					"DEBUG=1",
					"$(inherited)",
				);
				GCC_WARN_64_TO_32_BIT_CONVERSION = YES;
				GCC_WARN_ABOUT_RETURN_TYPE = YES_ERROR;
				GCC_WARN_UNDECLARED_SELECTOR = YES;
				GCC_WARN_UNINITIALIZED_AUTOS = YES_AGGRESSIVE;
				GCC_WARN_UNUSED_FUNCTION = YES;
				GCC_WARN_UNUSED_VARIABLE = YES;
				IPHONEOS_DEPLOYMENT_TARGET = 10.2;
				MTL_ENABLE_DEBUG_INFO = YES;
				ONLY_ACTIVE_ARCH = YES;
				SDKROOT = iphoneos;
				SWIFT_ACTIVE_COMPILATION_CONDITIONS = DEBUG;
				SWIFT_OPTIMIZATION_LEVEL = "-Onone";
			};
			name = Debug;
		};
		22BA06AF1E822A3000876A26 /* Release */ = {
			isa = XCBuildConfiguration;
			buildSettings = {
				ALWAYS_SEARCH_USER_PATHS = NO;
				CLANG_ANALYZER_NONNULL = YES;
				CLANG_CXX_LANGUAGE_STANDARD = "gnu++0x";
				CLANG_CXX_LIBRARY = "libc++";
				CLANG_ENABLE_MODULES = YES;
				CLANG_ENABLE_OBJC_ARC = YES;
				CLANG_WARN_BOOL_CONVERSION = YES;
				CLANG_WARN_CONSTANT_CONVERSION = YES;
				CLANG_WARN_DIRECT_OBJC_ISA_USAGE = YES_ERROR;
				CLANG_WARN_DOCUMENTATION_COMMENTS = YES;
				CLANG_WARN_EMPTY_BODY = YES;
				CLANG_WARN_ENUM_CONVERSION = YES;
				CLANG_WARN_INFINITE_RECURSION = YES;
				CLANG_WARN_INT_CONVERSION = YES;
				CLANG_WARN_OBJC_ROOT_CLASS = YES_ERROR;
				CLANG_WARN_SUSPICIOUS_MOVE = YES;
				CLANG_WARN_UNREACHABLE_CODE = YES;
				CLANG_WARN__DUPLICATE_METHOD_MATCH = YES;
				"CODE_SIGN_IDENTITY[sdk=iphoneos*]" = "iPhone Developer";
				COPY_PHASE_STRIP = NO;
				DEBUG_INFORMATION_FORMAT = "dwarf-with-dsym";
				ENABLE_NS_ASSERTIONS = NO;
				ENABLE_STRICT_OBJC_MSGSEND = YES;
				GCC_C_LANGUAGE_STANDARD = gnu99;
				GCC_NO_COMMON_BLOCKS = YES;
				GCC_WARN_64_TO_32_BIT_CONVERSION = YES;
				GCC_WARN_ABOUT_RETURN_TYPE = YES_ERROR;
				GCC_WARN_UNDECLARED_SELECTOR = YES;
				GCC_WARN_UNINITIALIZED_AUTOS = YES_AGGRESSIVE;
				GCC_WARN_UNUSED_FUNCTION = YES;
				GCC_WARN_UNUSED_VARIABLE = YES;
				IPHONEOS_DEPLOYMENT_TARGET = 10.2;
				MTL_ENABLE_DEBUG_INFO = NO;
				SDKROOT = iphoneos;
				SWIFT_OPTIMIZATION_LEVEL = "-Owholemodule";
				VALIDATE_PRODUCT = YES;
			};
			name = Release;
		};
		22BA06B11E822A3000876A26 /* Debug */ = {
			isa = XCBuildConfiguration;
			buildSettings = {
				ASSETCATALOG_COMPILER_APPICON_NAME = AppIcon;
				DEVELOPMENT_TEAM = N5R68YAD3A;
				INFOPLIST_FILE = UITableViewControllerDemo/Info.plist;
				LD_RUNPATH_SEARCH_PATHS = "$(inherited) @executable_path/Frameworks";
				PRODUCT_BUNDLE_IDENTIFIER = Frank.Chen.UITableViewControllerDemo;
				PRODUCT_NAME = "$(TARGET_NAME)";
				SWIFT_VERSION = 3.0;
			};
			name = Debug;
		};
		22BA06B21E822A3000876A26 /* Release */ = {
			isa = XCBuildConfiguration;
			buildSettings = {
				ASSETCATALOG_COMPILER_APPICON_NAME = AppIcon;
				DEVELOPMENT_TEAM = N5R68YAD3A;
				INFOPLIST_FILE = UITableViewControllerDemo/Info.plist;
				LD_RUNPATH_SEARCH_PATHS = "$(inherited) @executable_path/Frameworks";
				PRODUCT_BUNDLE_IDENTIFIER = Frank.Chen.UITableViewControllerDemo;
				PRODUCT_NAME = "$(TARGET_NAME)";
				SWIFT_VERSION = 3.0;
			};
			name = Release;
		};
/* End XCBuildConfiguration section */

/* Begin XCConfigurationList section */
		22BA06991E822A3000876A26 /* Build configuration list for PBXProject "UITableViewControllerDemo" */ = {
			isa = XCConfigurationList;
			buildConfigurations = (
				22BA06AE1E822A3000876A26 /* Debug */,
				22BA06AF1E822A3000876A26 /* Release */,
			);
			defaultConfigurationIsVisible = 0;
			defaultConfigurationName = Release;
		};
		22BA06B01E822A3000876A26 /* Build configuration list for PBXNativeTarget "UITableViewControllerDemo" */ = {
			isa = XCConfigurationList;
			buildConfigurations = (
				22BA06B11E822A3000876A26 /* Debug */,
				22BA06B21E822A3000876A26 /* Release */,
			);
			defaultConfigurationIsVisible = 0;
			defaultConfigurationName = Release;
		};
/* End XCConfigurationList section */
	};
	rootObject = 22BA06961E822A3000876A26 /* Project object */;
}
